// !$*UTF8*$!
{
	archiveVersion = 1;
	classes = {
	};
	objectVersion = 77;
	objects = {

/* Begin PBXBuildFile section */
		AC0000000000000000000050 /* AccountableMonitor.appex in Embed Foundation Extensions */ = {isa = PBXBuildFile; fileRef = AC0000000000000000000021 /* AccountableMonitor.appex */; settings = {ATTRIBUTES = (RemoveHeadersOnCopy, ); }; };
		AC0000000000000000000051 /* AccountableShield.appex in Embed Foundation Extensions */ = {isa = PBXBuildFile; fileRef = AC0000000000000000000022 /* AccountableShield.appex */; settings = {ATTRIBUTES = (RemoveHeadersOnCopy, ); }; };
		AC0000000000000000000052 /* AccountableShieldAction.appex in Embed Foundation Extensions */ = {isa = PBXBuildFile; fileRef = AC0000000000000000000023 /* AccountableShieldAction.appex */; settings = {ATTRIBUTES = (RemoveHeadersOnCopy, ); }; };
/* End PBXBuildFile section */

/* Begin PBXContainerItemProxy section */
		AC0000000000000000000070 /* PBXContainerItemProxy */ = {
			isa = PBXContainerItemProxy;
			containerPortal = AC0000000000000000000001 /* Project object */;
			proxyType = 1;
			remoteGlobalIDString = AC0000000000000000000031;
			remoteInfo = AccountableMonitor;
		};
		AC0000000000000000000071 /* PBXContainerItemProxy */ = {
			isa = PBXContainerItemProxy;
			containerPortal = AC0000000000000000000001 /* Project object */;
			proxyType = 1;
			remoteGlobalIDString = AC0000000000000000000032;
			remoteInfo = AccountableShield;
		};
		AC0000000000000000000072 /* PBXContainerItemProxy */ = {
			isa = PBXContainerItemProxy;
			containerPortal = AC0000000000000000000001 /* Project object */;
			proxyType = 1;
			remoteGlobalIDString = AC0000000000000000000033;
			remoteInfo = AccountableShieldAction;
		};
/* End PBXContainerItemProxy section */

/* Begin PBXCopyFilesBuildPhase section */
		AC0000000000000000000043 /* Embed Foundation Extensions */ = {
			isa = PBXCopyFilesBuildPhase;
			buildActionMask = 2147483647;
			dstPath = "";
			dstSubfolderSpec = 13;
			files = (
				AC0000000000000000000050 /* AccountableMonitor.appex in Embed Foundation Extensions */,
				AC0000000000000000000051 /* AccountableShield.appex in Embed Foundation Extensions */,
				AC0000000000000000000052 /* AccountableShieldAction.appex in Embed Foundation Extensions */,
			);
			name = "Embed Foundation Extensions";
			runOnlyForDeploymentPostprocessing = 0;
		};
/* End PBXCopyFilesBuildPhase section */

/* Begin PBXFileReference section */
		AC0000000000000000000020 /* Accountable.app */ = {isa = PBXFileReference; explicitFileType = wrapper.application; includeInIndex = 0; path = Accountable.app; sourceTree = BUILT_PRODUCTS_DIR; };
		AC0000000000000000000021 /* AccountableMonitor.appex */ = {isa = PBXFileReference; explicitFileType = "wrapper.app-extension"; includeInIndex = 0; path = AccountableMonitor.appex; sourceTree = BUILT_PRODUCTS_DIR; };
		AC0000000000000000000022 /* AccountableShield.appex */ = {isa = PBXFileReference; explicitFileType = "wrapper.app-extension"; includeInIndex = 0; path = AccountableShield.appex; sourceTree = BUILT_PRODUCTS_DIR; };
		AC0000000000000000000023 /* AccountableShieldAction.appex */ = {isa = PBXFileReference; explicitFileType = "wrapper.app-extension"; includeInIndex = 0; path = AccountableShieldAction.appex; sourceTree = BUILT_PRODUCTS_DIR; };
/* End PBXFileReference section */

/* Begin PBXFileSystemSynchronizedRootGroup section */
		AC0000000000000000000010 /* Accountable */ = {
			isa = PBXFileSystemSynchronizedRootGroup;
			path = Accountable;
			sourceTree = "<group>";
		};
		AC0000000000000000000011 /* Shared */ = {
			isa = PBXFileSystemSynchronizedRootGroup;
			path = Shared;
			sourceTree = "<group>";
		};
		AC0000000000000000000012 /* AccountableMonitor */ = {
			isa = PBXFileSystemSynchronizedRootGroup;
			path = AccountableMonitor;
			sourceTree = "<group>";
		};
		AC0000000000000000000013 /* AccountableShield */ = {
			isa = PBXFileSystemSynchronizedRootGroup;
			path = AccountableShield;
			sourceTree = "<group>";
		};
		AC0000000000000000000014 /* AccountableShieldAction */ = {
			isa = PBXFileSystemSynchronizedRootGroup;
			path = AccountableShieldAction;
			sourceTree = "<group>";
		};
		AC0000000000000000000015 /* Config */ = {
			isa = PBXFileSystemSynchronizedRootGroup;
			path = Config;
			sourceTree = "<group>";
		};
/* End PBXFileSystemSynchronizedRootGroup section */

/* Begin PBXFrameworksBuildPhase section */
		AC0000000000000000000041 /* Frameworks */ = {
			isa = PBXFrameworksBuildPhase;
			buildActionMask = 2147483647;
			files = (
			);
			runOnlyForDeploymentPostprocessing = 0;
		};
		AC0000000000000000000045 /* Frameworks */ = {
			isa = PBXFrameworksBuildPhase;
			buildActionMask = 2147483647;
			files = (
			);
			runOnlyForDeploymentPostprocessing = 0;
		};
		AC0000000000000000000048 /* Frameworks */ = {
			isa = PBXFrameworksBuildPhase;
			buildActionMask = 2147483647;
			files = (
			);
			runOnlyForDeploymentPostprocessing = 0;
		};
		AC000000000000000000004B /* Frameworks */ = {
			isa = PBXFrameworksBuildPhase;
			buildActionMask = 2147483647;
			files = (
			);
			runOnlyForDeploymentPostprocessing = 0;
		};
/* End PBXFrameworksBuildPhase section */

/* Begin PBXGroup section */
		AC0000000000000000000002 = {
			isa = PBXGroup;
			children = (
				AC0000000000000000000010 /* Accountable */,
				AC0000000000000000000011 /* Shared */,
				AC0000000000000000000012 /* AccountableMonitor */,
				AC0000000000000000000013 /* AccountableShield */,
				AC0000000000000000000014 /* AccountableShieldAction */,
				AC0000000000000000000015 /* Config */,
				AC0000000000000000000003 /* Products */,
			);
			sourceTree = "<group>";
		};
		AC0000000000000000000003 /* Products */ = {
			isa = PBXGroup;
			children = (
				AC0000000000000000000020 /* Accountable.app */,
				AC0000000000000000000021 /* AccountableMonitor.appex */,
				AC0000000000000000000022 /* AccountableShield.appex */,
				AC0000000000000000000023 /* AccountableShieldAction.appex */,
			);
			name = Products;
			sourceTree = "<group>";
		};
/* End PBXGroup section */

/* Begin PBXNativeTarget section */
		AC0000000000000000000030 /* Accountable */ = {
			isa = PBXNativeTarget;
			buildConfigurationList = AC0000000000000000000091 /* Build configuration list for PBXNativeTarget "Accountable" */;
			buildPhases = (
				AC0000000000000000000040 /* Sources */,
				AC0000000000000000000041 /* Frameworks */,
				AC0000000000000000000042 /* Resources */,
				AC0000000000000000000043 /* Embed Foundation Extensions */,
			);
			buildRules = (
			);
			dependencies = (
				AC0000000000000000000060 /* PBXTargetDependency */,
				AC0000000000000000000061 /* PBXTargetDependency */,
				AC0000000000000000000062 /* PBXTargetDependency */,
			);
			fileSystemSynchronizedGroups = (
				AC0000000000000000000010 /* Accountable */,
				AC0000000000000000000011 /* Shared */,
			);
			name = Accountable;
			productName = Accountable;
			productReference = AC0000000000000000000020 /* Accountable.app */;
			productType = "com.apple.product-type.application";
		};
		AC0000000000000000000031 /* AccountableMonitor */ = {
			isa = PBXNativeTarget;
			buildConfigurationList = AC0000000000000000000092 /* Build configuration list for PBXNativeTarget "AccountableMonitor" */;
			buildPhases = (
				AC0000000000000000000044 /* Sources */,
				AC0000000000000000000045 /* Frameworks */,
				AC0000000000000000000046 /* Resources */,
			);
			buildRules = (
			);
			dependencies = (
			);
			fileSystemSynchronizedGroups = (
				AC0000000000000000000012 /* AccountableMonitor */,
				AC0000000000000000000011 /* Shared */,
			);
			name = AccountableMonitor;
			productName = AccountableMonitor;
			productReference = AC0000000000000000000021 /* AccountableMonitor.appex */;
			productType = "com.apple.product-type.app-extension";
		};
		AC0000000000000000000032 /* AccountableShield */ = {
			isa = PBXNativeTarget;
			buildConfigurationList = AC0000000000000000000093 /* Build configuration list for PBXNativeTarget "AccountableShield" */;
			buildPhases = (
				AC0000000000000000000047 /* Sources */,
				AC0000000000000000000048 /* Frameworks */,
				AC0000000000000000000049 /* Resources */,
			);
			buildRules = (
			);
			dependencies = (
			);
			fileSystemSynchronizedGroups = (
				AC0000000000000000000013 /* AccountableShield */,
				AC0000000000000000000011 /* Shared */,
			);
			name = AccountableShield;
			productName = AccountableShield;
			productReference = AC0000000000000000000022 /* AccountableShield.appex */;
			productType = "com.apple.product-type.app-extension";
		};
		AC0000000000000000000033 /* AccountableShieldAction */ = {
			isa = PBXNativeTarget;
			buildConfigurationList = AC0000000000000000000094 /* Build configuration list for PBXNativeTarget "AccountableShieldAction" */;
			buildPhases = (
				AC000000000000000000004A /* Sources */,
				AC000000000000000000004B /* Frameworks */,
				AC000000000000000000004C /* Resources */,
			);
			buildRules = (
			);
			dependencies = (
			);
			fileSystemSynchronizedGroups = (
				AC0000000000000000000014 /* AccountableShieldAction */,
				AC0000000000000000000011 /* Shared */,
			);
			name = AccountableShieldAction;
			productName = AccountableShieldAction;
			productReference = AC0000000000000000000023 /* AccountableShieldAction.appex */;
			productType = "com.apple.product-type.app-extension";
		};
/* End PBXNativeTarget section */

/* Begin PBXProject section */
		AC0000000000000000000001 /* Project object */ = {
			isa = PBXProject;
			attributes = {
				BuildIndependentTargetsInParallel = 1;
				LastSwiftUpdateCheck = 2700;
				LastUpgradeCheck = 2700;
				TargetAttributes = {
					AC0000000000000000000030 = {
						CreatedOnToolsVersion = 27.0;
					};
					AC0000000000000000000031 = {
						CreatedOnToolsVersion = 27.0;
					};
					AC0000000000000000000032 = {
						CreatedOnToolsVersion = 27.0;
					};
					AC0000000000000000000033 = {
						CreatedOnToolsVersion = 27.0;
					};
				};
			};
			buildConfigurationList = AC0000000000000000000090 /* Build configuration list for PBXProject "Accountable" */;
			developmentRegion = en;
			hasScannedForEncodings = 0;
			knownRegions = (
				en,
				Base,
			);
			mainGroup = AC0000000000000000000002;
			minimizedProjectReferenceProxies = 1;
			preferredProjectObjectVersion = 77;
			productRefGroup = AC0000000000000000000003 /* Products */;
			projectDirPath = "";
			projectRoot = "";
			targets = (
				AC0000000000000000000030 /* Accountable */,
				AC0000000000000000000031 /* AccountableMonitor */,
				AC0000000000000000000032 /* AccountableShield */,
				AC0000000000000000000033 /* AccountableShieldAction */,
			);
		};
/* End PBXProject section */

/* Begin PBXResourcesBuildPhase section */
		AC0000000000000000000042 /* Resources */ = {
			isa = PBXResourcesBuildPhase;
			buildActionMask = 2147483647;
			files = (
			);
			runOnlyForDeploymentPostprocessing = 0;
		};
		AC0000000000000000000046 /* Resources */ = {
			isa = PBXResourcesBuildPhase;
			buildActionMask = 2147483647;
			files = (
			);
			runOnlyForDeploymentPostprocessing = 0;
		};
		AC0000000000000000000049 /* Resources */ = {
			isa = PBXResourcesBuildPhase;
			buildActionMask = 2147483647;
			files = (
			);
			runOnlyForDeploymentPostprocessing = 0;
		};
		AC000000000000000000004C /* Resources */ = {
			isa = PBXResourcesBuildPhase;
			buildActionMask = 2147483647;
			files = (
			);
			runOnlyForDeploymentPostprocessing = 0;
		};
/* End PBXResourcesBuildPhase section */

/* Begin PBXSourcesBuildPhase section */
		AC0000000000000000000040 /* Sources */ = {
			isa = PBXSourcesBuildPhase;
			buildActionMask = 2147483647;
			files = (
			);
			runOnlyForDeploymentPostprocessing = 0;
		};
		AC0000000000000000000044 /* Sources */ = {
			isa = PBXSourcesBuildPhase;
			buildActionMask = 2147483647;
			files = (
			);
			runOnlyForDeploymentPostprocessing = 0;
		};
		AC0000000000000000000047 /* Sources */ = {
			isa = PBXSourcesBuildPhase;
			buildActionMask = 2147483647;
			files = (
			);
			runOnlyForDeploymentPostprocessing = 0;
		};
		AC000000000000000000004A /* Sources */ = {
			isa = PBXSourcesBuildPhase;
			buildActionMask = 2147483647;
			files = (
			);
			runOnlyForDeploymentPostprocessing = 0;
		};
/* End PBXSourcesBuildPhase section */

/* Begin PBXTargetDependency section */
		AC0000000000000000000060 /* PBXTargetDependency */ = {
			isa = PBXTargetDependency;
			target = AC0000000000000000000031 /* AccountableMonitor */;
			targetProxy = AC0000000000000000000070 /* PBXContainerItemProxy */;
		};
		AC0000000000000000000061 /* PBXTargetDependency */ = {
			isa = PBXTargetDependency;
			target = AC0000000000000000000032 /* AccountableShield */;
			targetProxy = AC0000000000000000000071 /* PBXContainerItemProxy */;
		};
		AC0000000000000000000062 /* PBXTargetDependency */ = {
			isa = PBXTargetDependency;
			target = AC0000000000000000000033 /* AccountableShieldAction */;
			targetProxy = AC0000000000000000000072 /* PBXContainerItemProxy */;
		};
/* End PBXTargetDependency section */

/* Begin XCBuildConfiguration section */
		AC0000000000000000000080 /* Debug */ = {
			isa = XCBuildConfiguration;
			buildSettings = {
				ALWAYS_SEARCH_USER_PATHS = NO;
				ASSETCATALOG_COMPILER_GENERATE_SWIFT_ASSET_SYMBOL_EXTENSIONS = YES;
				CLANG_ENABLE_MODULES = YES;
				CLANG_ENABLE_OBJC_ARC = YES;
				COPY_PHASE_STRIP = NO;
				DEBUG_INFORMATION_FORMAT = dwarf;
				DEVELOPMENT_TEAM = "";
				ENABLE_STRICT_OBJC_MSGSEND = YES;
				ENABLE_TESTABILITY = YES;
				ENABLE_USER_SCRIPT_SANDBOXING = YES;
				GCC_OPTIMIZATION_LEVEL = 0;
				GCC_PREPROCESSOR_DEFINITIONS = (
					"DEBUG=1",
					"$(inherited)",
				);
				IPHONEOS_DEPLOYMENT_TARGET = 17.0;
				MTL_ENABLE_DEBUG_INFO = INCLUDE_SOURCE;
				ONLY_ACTIVE_ARCH = YES;
				SDKROOT = iphoneos;
				SWIFT_ACTIVE_COMPILATION_CONDITIONS = "DEBUG $(inherited)";
				SWIFT_OPTIMIZATION_LEVEL = "-Onone";
				SWIFT_VERSION = 5.0;
			};
			name = Debug;
		};
		AC0000000000000000000081 /* Release */ = {
			isa = XCBuildConfiguration;
			buildSettings = {
				ALWAYS_SEARCH_USER_PATHS = NO;
				ASSETCATALOG_COMPILER_GENERATE_SWIFT_ASSET_SYMBOL_EXTENSIONS = YES;
				CLANG_ENABLE_MODULES = YES;
				CLANG_ENABLE_OBJC_ARC = YES;
				COPY_PHASE_STRIP = NO;
				DEBUG_INFORMATION_FORMAT = "dwarf-with-dsym";
				DEVELOPMENT_TEAM = "";
				ENABLE_NS_ASSERTIONS = NO;
				ENABLE_STRICT_OBJC_MSGSEND = YES;
				ENABLE_USER_SCRIPT_SANDBOXING = YES;
				IPHONEOS_DEPLOYMENT_TARGET = 17.0;
				MTL_ENABLE_DEBUG_INFO = NO;
				SDKROOT = iphoneos;
				SWIFT_COMPILATION_MODE = wholemodule;
				SWIFT_VERSION = 5.0;
				VALIDATE_PRODUCT = YES;
			};
			name = Release;
		};
		AC0000000000000000000082 /* Debug */ = {
			isa = XCBuildConfiguration;
			buildSettings = {
				ASSETCATALOG_COMPILER_APPICON_NAME = AppIcon;
				ASSETCATALOG_COMPILER_GLOBAL_ACCENT_COLOR_NAME = AccentColor;
				CODE_SIGN_ENTITLEMENTS = Config/Accountable.entitlements;
				CODE_SIGN_STYLE = Automatic;
				CURRENT_PROJECT_VERSION = 1;
				GENERATE_INFOPLIST_FILE = YES;
				INFOPLIST_KEY_CFBundleDisplayName = Accountable;
				INFOPLIST_KEY_UIApplicationSceneManifest_Generation = YES;
				INFOPLIST_KEY_UIApplicationSupportsIndirectInputEvents = YES;
				INFOPLIST_KEY_UILaunchScreen_Generation = YES;
				INFOPLIST_KEY_UISupportedInterfaceOrientations_iPhone = UIInterfaceOrientationPortrait;
				LD_RUNPATH_SEARCH_PATHS = (
					"$(inherited)",
					"@executable_path/Frameworks",
				);
				MARKETING_VERSION = 1.0;
				PRODUCT_BUNDLE_IDENTIFIER = com.wille1773.Accountable;
				PRODUCT_NAME = "$(TARGET_NAME)";
				SWIFT_EMIT_LOC_STRINGS = YES;
				TARGETED_DEVICE_FAMILY = 1;
			};
			name = Debug;
		};
		AC0000000000000000000083 /* Release */ = {
			isa = XCBuildConfiguration;
			buildSettings = {
				ASSETCATALOG_COMPILER_APPICON_NAME = AppIcon;
				ASSETCATALOG_COMPILER_GLOBAL_ACCENT_COLOR_NAME = AccentColor;
				CODE_SIGN_ENTITLEMENTS = Config/Accountable.entitlements;
				CODE_SIGN_STYLE = Automatic;
				CURRENT_PROJECT_VERSION = 1;
				GENERATE_INFOPLIST_FILE = YES;
				INFOPLIST_KEY_CFBundleDisplayName = Accountable;
				INFOPLIST_KEY_UIApplicationSceneManifest_Generation = YES;
				INFOPLIST_KEY_UIApplicationSupportsIndirectInputEvents = YES;
				INFOPLIST_KEY_UILaunchScreen_Generation = YES;
				INFOPLIST_KEY_UISupportedInterfaceOrientations_iPhone = UIInterfaceOrientationPortrait;
				LD_RUNPATH_SEARCH_PATHS = (
					"$(inherited)",
					"@executable_path/Frameworks",
				);
				MARKETING_VERSION = 1.0;
				PRODUCT_BUNDLE_IDENTIFIER = com.wille1773.Accountable;
				PRODUCT_NAME = "$(TARGET_NAME)";
				SWIFT_EMIT_LOC_STRINGS = YES;
				TARGETED_DEVICE_FAMILY = 1;
			};
			name = Release;
		};
		AC0000000000000000000084 /* Debug */ = {
			isa = XCBuildConfiguration;
			buildSettings = {
				APPLICATION_EXTENSION_API_ONLY = YES;
				CODE_SIGN_ENTITLEMENTS = Config/AccountableMonitor.entitlements;
				CODE_SIGN_STYLE = Automatic;
				CURRENT_PROJECT_VERSION = 1;
				GENERATE_INFOPLIST_FILE = YES;
				INFOPLIST_FILE = "Config/AccountableMonitor-Info.plist";
				INFOPLIST_KEY_CFBundleDisplayName = AccountableMonitor;
				LD_RUNPATH_SEARCH_PATHS = (
					"$(inherited)",
					"@executable_path/Frameworks",
					"@executable_path/../../Frameworks",
				);
				MARKETING_VERSION = 1.0;
				PRODUCT_BUNDLE_IDENTIFIER = com.wille1773.Accountable.Monitor;
				PRODUCT_NAME = "$(TARGET_NAME)";
				SKIP_INSTALL = YES;
				TARGETED_DEVICE_FAMILY = 1;
			};
			name = Debug;
		};
		AC0000000000000000000085 /* Release */ = {
			isa = XCBuildConfiguration;
			buildSettings = {
				APPLICATION_EXTENSION_API_ONLY = YES;
				CODE_SIGN_ENTITLEMENTS = Config/AccountableMonitor.entitlements;
				CODE_SIGN_STYLE = Automatic;
				CURRENT_PROJECT_VERSION = 1;
				GENERATE_INFOPLIST_FILE = YES;
				INFOPLIST_FILE = "Config/AccountableMonitor-Info.plist";
				INFOPLIST_KEY_CFBundleDisplayName = AccountableMonitor;
				LD_RUNPATH_SEARCH_PATHS = (
					"$(inherited)",
					"@executable_path/Frameworks",
					"@executable_path/../../Frameworks",
				);
				MARKETING_VERSION = 1.0;
				PRODUCT_BUNDLE_IDENTIFIER = com.wille1773.Accountable.Monitor;
				PRODUCT_NAME = "$(TARGET_NAME)";
				SKIP_INSTALL = YES;
				TARGETED_DEVICE_FAMILY = 1;
			};
			name = Release;
		};
		AC0000000000000000000086 /* Debug */ = {
			isa = XCBuildConfiguration;
			buildSettings = {
				APPLICATION_EXTENSION_API_ONLY = YES;
				CODE_SIGN_ENTITLEMENTS = Config/AccountableShield.entitlements;
				CODE_SIGN_STYLE = Automatic;
				CURRENT_PROJECT_VERSION = 1;
				GENERATE_INFOPLIST_FILE = YES;
				INFOPLIST_FILE = "Config/AccountableShield-Info.plist";
				INFOPLIST_KEY_CFBundleDisplayName = AccountableShield;
				LD_RUNPATH_SEARCH_PATHS = (
					"$(inherited)",
					"@executable_path/Frameworks",
					"@executable_path/../../Frameworks",
				);
				MARKETING_VERSION = 1.0;
				PRODUCT_BUNDLE_IDENTIFIER = com.wille1773.Accountable.Shield;
				PRODUCT_NAME = "$(TARGET_NAME)";
				SKIP_INSTALL = YES;
				TARGETED_DEVICE_FAMILY = 1;
			};
			name = Debug;
		};
		AC0000000000000000000087 /* Release */ = {
			isa = XCBuildConfiguration;
			buildSettings = {
				APPLICATION_EXTENSION_API_ONLY = YES;
				CODE_SIGN_ENTITLEMENTS = Config/AccountableShield.entitlements;
				CODE_SIGN_STYLE = Automatic;
				CURRENT_PROJECT_VERSION = 1;
				GENERATE_INFOPLIST_FILE = YES;
				INFOPLIST_FILE = "Config/AccountableShield-Info.plist";
				INFOPLIST_KEY_CFBundleDisplayName = AccountableShield;
				LD_RUNPATH_SEARCH_PATHS = (
					"$(inherited)",
					"@executable_path/Frameworks",
					"@executable_path/../../Frameworks",
				);
				MARKETING_VERSION = 1.0;
				PRODUCT_BUNDLE_IDENTIFIER = com.wille1773.Accountable.Shield;
				PRODUCT_NAME = "$(TARGET_NAME)";
				SKIP_INSTALL = YES;
				TARGETED_DEVICE_FAMILY = 1;
			};
			name = Release;
		};
		AC0000000000000000000088 /* Debug */ = {
			isa = XCBuildConfiguration;
			buildSettings = {
				APPLICATION_EXTENSION_API_ONLY = YES;
				CODE_SIGN_ENTITLEMENTS = Config/AccountableShieldAction.entitlements;
				CODE_SIGN_STYLE = Automatic;
				CURRENT_PROJECT_VERSION = 1;
				GENERATE_INFOPLIST_FILE = YES;
				INFOPLIST_FILE = "Config/AccountableShieldAction-Info.plist";
				INFOPLIST_KEY_CFBundleDisplayName = AccountableShieldAction;
				LD_RUNPATH_SEARCH_PATHS = (
					"$(inherited)",
					"@executable_path/Frameworks",
					"@executable_path/../../Frameworks",
				);
				MARKETING_VERSION = 1.0;
				PRODUCT_BUNDLE_IDENTIFIER = com.wille1773.Accountable.ShieldAction;
				PRODUCT_NAME = "$(TARGET_NAME)";
				SKIP_INSTALL = YES;
				TARGETED_DEVICE_FAMILY = 1;
			};
			name = Debug;
		};
		AC0000000000000000000089 /* Release */ = {
			isa = XCBuildConfiguration;
			buildSettings = {
				APPLICATION_EXTENSION_API_ONLY = YES;
				CODE_SIGN_ENTITLEMENTS = Config/AccountableShieldAction.entitlements;
				CODE_SIGN_STYLE = Automatic;
				CURRENT_PROJECT_VERSION = 1;
				GENERATE_INFOPLIST_FILE = YES;
				INFOPLIST_FILE = "Config/AccountableShieldAction-Info.plist";
				INFOPLIST_KEY_CFBundleDisplayName = AccountableShieldAction;
				LD_RUNPATH_SEARCH_PATHS = (
					"$(inherited)",
					"@executable_path/Frameworks",
					"@executable_path/../../Frameworks",
				);
				MARKETING_VERSION = 1.0;
				PRODUCT_BUNDLE_IDENTIFIER = com.wille1773.Accountable.ShieldAction;
				PRODUCT_NAME = "$(TARGET_NAME)";
				SKIP_INSTALL = YES;
				TARGETED_DEVICE_FAMILY = 1;
			};
			name = Release;
		};
/* End XCBuildConfiguration section */

/* Begin XCConfigurationList section */
		AC0000000000000000000090 /* Build configuration list for PBXProject "Accountable" */ = {
			isa = XCConfigurationList;
			buildConfigurations = (
				AC0000000000000000000080 /* Debug */,
				AC0000000000000000000081 /* Release */,
			);
			defaultConfigurationIsVisible = 0;
			defaultConfigurationName = Release;
		};
		AC0000000000000000000091 /* Build configuration list for PBXNativeTarget "Accountable" */ = {
			isa = XCConfigurationList;
			buildConfigurations = (
				AC0000000000000000000082 /* Debug */,
				AC0000000000000000000083 /* Release */,
			);
			defaultConfigurationIsVisible = 0;
			defaultConfigurationName = Release;
		};
		AC0000000000000000000092 /* Build configuration list for PBXNativeTarget "AccountableMonitor" */ = {
			isa = XCConfigurationList;
			buildConfigurations = (
				AC0000000000000000000084 /* Debug */,
				AC0000000000000000000085 /* Release */,
			);
			defaultConfigurationIsVisible = 0;
			defaultConfigurationName = Release;
		};
		AC0000000000000000000093 /* Build configuration list for PBXNativeTarget "AccountableShield" */ = {
			isa = XCConfigurationList;
			buildConfigurations = (
				AC0000000000000000000086 /* Debug */,
				AC0000000000000000000087 /* Release */,
			);
			defaultConfigurationIsVisible = 0;
			defaultConfigurationName = Release;
		};
		AC0000000000000000000094 /* Build configuration list for PBXNativeTarget "AccountableShieldAction" */ = {
			isa = XCConfigurationList;
			buildConfigurations = (
				AC0000000000000000000088 /* Debug */,
				AC0000000000000000000089 /* Release */,
			);
			defaultConfigurationIsVisible = 0;
			defaultConfigurationName = Release;
		};
/* End XCConfigurationList section */
	};
	rootObject = AC0000000000000000000001 /* Project object */;
}
